
Microsoft Visual Studio Solution File, Format Version 12.00
# Visual Studio Version 17
VisualStudioVersion = 17.9.34622.214
MinimumVisualStudioVersion = 10.0.40219.1
Project("{9A19103F-16F7-4668-BE54-9A1E7A4F7556}") = "Lab4.1", "Lab4\Lab4.1.csproj", "{392019C4-42ED-400C-B111-5CA10A1D92EE}"
EndProject
Project("{FAE04EC0-301F-11D3-BF4B-00C04F79EFBC}") = "Lab4.2", "Lab4.2\Lab4.2.csproj", "{63335E39-FB06-4F67-90DA-DBEBFCB8B8A2}"
EndProject
Global
	GlobalSection(SolutionConfigurationPlatforms) = preSolution
		Debug|Any CPU = Debug|Any CPU
		Release|Any CPU = Release|Any CPU
	EndGlobalSection
	GlobalSection(ProjectConfigurationPlatforms) = postSolution
		{392019C4-42ED-400C-B111-5CA10A1D92EE}.Debug|Any CPU.ActiveCfg = Debug|Any CPU
		{392019C4-42ED-400C-B111-5CA10A1D92EE}.Debug|Any CPU.Build.0 = Debug|Any CPU
		{392019C4-42ED-400C-B111-5CA10A1D92EE}.Release|Any CPU.ActiveCfg = Release|Any CPU
		{392019C4-42ED-400C-B111-5CA10A1D92EE}.Release|Any CPU.Build.0 = Release|Any CPU
		{63335E39-FB06-4F67-90DA-DBEBFCB8B8A2}.Debug|Any CPU.ActiveCfg = Debug|Any CPU
		{63335E39-FB06-4F67-90DA-DBEBFCB8B8A2}.Debug|Any CPU.Build.0 = Debug|Any CPU
		{63335E39-FB06-4F67-90DA-DBEBFCB8B8A2}.Release|Any CPU.ActiveCfg = Release|Any CPU
		{63335E39-FB06-4F67-90DA-DBEBFCB8B8A2}.Release|Any CPU.Build.0 = Release|Any CPU
	EndGlobalSection
	GlobalSection(SolutionProperties) = preSolution
		HideSolutionNode = FALSE
	EndGlobalSection
	GlobalSection(ExtensibilityGlobals) = postSolution
		SolutionGuid = {F1206436-DE38-4C7D-ADCA-1484E0F88F03}
	EndGlobalSection
EndGlobal
